# THIS IS AN AUTOGENERATED FILE. DO NOT EDIT THIS FILE DIRECTLY.
# yarn lockfile v1


"@electron/remote@2.1.2":
  version "2.1.2"
  resolved "https://registry.npmjs.org/@electron/remote/-/remote-2.1.2.tgz"
  integrity sha512-EPwNx+nhdrTBxyCqXt/pftoQg/ybtWDW3DUWHafejvnB1ZGGfMpv6e15D8KeempocjXe78T7WreyGGb3mlZxdA==

argparse@^2.0.1:
  version "2.0.1"
  resolved "https://registry.npmjs.org/argparse/-/argparse-2.0.1.tgz"
  integrity sha512-8+9WqebbFzpX9OR+Wa6O29asIogeRMzcGtAINdpMHHyAg10f05aSFVBbcEqGf/PXw1EjAZ+q2/bEBg3DvurK3Q==

async@^2.0.0:
  version "2.6.4"
  resolved "https://registry.npmjs.org/async/-/async-2.6.4.tgz"
  integrity sha512-mzo5dfJYwAn29PeiJ0zvwTo04zj8HDJj0Mn8TD7sno7q12prdbnasKJHhkm2c1LgrhlJ0teaea8860oxi51mGA==
  dependencies:
    lodash "^4.17.14"

balanced-match@^1.0.0:
  version "1.0.2"
  resolved "https://registry.npmjs.org/balanced-match/-/balanced-match-1.0.2.tgz"
  integrity sha512-3oSeUO0TMV67hN1AmbXsK4yaqU7tjiHlbxRDZOpH0KW9+CeX4bRAaX0Anxt0tx2MrpRpWwQaPwIlISEJhYU5Pw==

brace-expansion@^1.1.7:
  version "1.1.11"
  resolved "https://registry.npmjs.org/brace-expansion/-/brace-expansion-1.1.11.tgz"
  integrity sha512-iCuPHDFgrHX7H2vEI/5xpz07zSHB00TpugqhmYtVmMO6518mCuRMoOYFldEBl0g187ufozdaHgWKcYFb61qGiA==
  dependencies:
    balanced-match "^1.0.0"
    concat-map "0.0.1"

builder-util-runtime@9.3.2:
  version "9.3.2"
  resolved "https://registry.npmjs.org/builder-util-runtime/-/builder-util-runtime-9.3.2.tgz"
  integrity sha512-7QDXJ1FwT6d9ZhG4kuObUUPY8/ENBS/Ky26O4hR5vbeoRGavgekS2Jxv+8sCn/v23aPGU2DXRWEeJuijN2ooYA==
  dependencies:
    debug "^4.3.4"
    sax "^1.2.4"

concat-map@0.0.1:
  version "0.0.1"
  resolved "https://registry.npmjs.org/concat-map/-/concat-map-0.0.1.tgz"
  integrity sha512-/Srv4dswyQNBfohGpz9o6Yb3Gz3SrUDqBH5rTuhGR7ahtlbYKnVxw2bCFMRljaA7EXHaXZ8wsHdodFvbkhKmqg==

debug@^4.0.1, debug@^4.3.4:
  version "4.4.1"
  resolved "https://registry.npmjs.org/debug/-/debug-4.4.1.tgz"
  integrity sha512-KcKCqiftBJcZr++7ykoDIEwSa3XWowTfNPo92BYxjXiyYEVrUQh2aLyhxBCwww+heortUFxEJYcRzosstTEBYQ==
  dependencies:
    ms "^2.1.3"

electron-debug@4.1.0:
  version "4.1.0"
  resolved "https://registry.npmjs.org/electron-debug/-/electron-debug-4.1.0.tgz"
  integrity sha512-rdbvmotqbaNcSuinPe1tzB5zK+JKal+4LSDbguBcqTLARNqWrGoRS/TkR1gGH4+63boYH3HUaf9r9ECAxgIe9g==
  dependencies:
    electron-is-dev "^3.0.1"
    electron-localshortcut "^3.2.1"

electron-is-accelerator@^0.1.0:
  version "0.1.2"
  resolved "https://registry.npmjs.org/electron-is-accelerator/-/electron-is-accelerator-0.1.2.tgz"
  integrity sha512-fLGSAjXZtdn1sbtZxx52+krefmtNuVwnJCV2gNiVt735/ARUboMl8jnNC9fZEqQdlAv2ZrETfmBUsoQci5evJA==

electron-is-dev@^3.0.1:
  version "3.0.1"
  resolved "https://registry.npmjs.org/electron-is-dev/-/electron-is-dev-3.0.1.tgz"
  integrity sha512-8TjjAh8Ec51hUi3o4TaU0mD3GMTOESi866oRNavj9A3IQJ7pmv+MJVmdZBFGw4GFT36X7bkqnuDNYvkQgvyI8Q==

electron-json-storage@4.6.0:
  version "4.6.0"
  resolved "https://registry.npmjs.org/electron-json-storage/-/electron-json-storage-4.6.0.tgz"
  integrity sha512-gAgNsnA7tEtV9LzzOnZTyVIb3cQtCva+bEBVT5pbRGU8ZSZTVKPBrTxIAYjeVfdSjyNXgfb1mr/CZrOJgeHyqg==
  dependencies:
    async "^2.0.0"
    lockfile "^1.0.4"
    lodash "^4.0.1"
    mkdirp "^0.5.1"
    rimraf "^2.5.1"
    write-file-atomic "^2.4.2"

electron-localshortcut@^3.2.1:
  version "3.2.1"
  resolved "https://registry.npmjs.org/electron-localshortcut/-/electron-localshortcut-3.2.1.tgz"
  integrity sha512-DWvhKv36GsdXKnaFFhEiK8kZZA+24/yFLgtTwJJHc7AFgDjNRIBJZ/jq62Y/dWv9E4ypYwrVWN2bVrCYw1uv7Q==
  dependencies:
    debug "^4.0.1"
    electron-is-accelerator "^0.1.0"
    keyboardevent-from-electron-accelerator "^2.0.0"
    keyboardevents-areequal "^0.2.1"

electron-log@5.3.4:
  version "5.3.4"
  resolved "https://registry.npmjs.org/electron-log/-/electron-log-5.3.4.tgz"
  integrity sha512-QLj0EbsA5R5Yy4vjGlLe7m8hPNZ/Enp7c7a2WH7RUPr0hIOp0vDaC+6bJM0th6+uZKiZGGH5a2aKzvYp3eYwDQ==

electron-updater@6.6.5:
  version "6.6.5"
  resolved "https://registry.npmjs.org/electron-updater/-/electron-updater-6.6.5.tgz"
  integrity sha512-jnk38WfByl2Pb0cje02xls/pJkvkq3AQZI7usDCLriU23adkerLTkRrugbCPuUxUOa79nY1g/rokHPWHZFBKyA==
  dependencies:
    builder-util-runtime "9.3.2"
    fs-extra "^10.1.0"
    js-yaml "^4.1.0"
    lazy-val "^1.0.5"
    lodash.escaperegexp "^4.1.2"
    lodash.isequal "^4.5.0"
    semver "^7.6.3"
    tiny-typed-emitter "^2.1.0"

fs-extra@^10.1.0:
  version "10.1.0"
  resolved "https://registry.npmjs.org/fs-extra/-/fs-extra-10.1.0.tgz"
  integrity sha512-oRXApq54ETRj4eMiFzGnHWGy+zo5raudjuxN0b8H7s/RU2oW0Wvsx9O0ACRN/kRq9E8Vu/ReskGB5o3ji+FzHQ==
  dependencies:
    graceful-fs "^4.2.0"
    jsonfile "^6.0.1"
    universalify "^2.0.0"

fs.realpath@^1.0.0:
  version "1.0.0"
  resolved "https://registry.npmjs.org/fs.realpath/-/fs.realpath-1.0.0.tgz"
  integrity sha512-OO0pH2lK6a0hZnAdau5ItzHPI6pUlvI7jMVnxUQRtw4owF2wk8lOSabtGDCTP4Ggrg2MbGnWO9X8K1t4+fGMDw==

glob@^7.1.3:
  version "7.2.3"
  resolved "https://registry.npmjs.org/glob/-/glob-7.2.3.tgz"
  integrity sha512-nFR0zLpU2YCaRxwoCJvL6UvCH2JFyFVIvwTLsIf21AuHlMskA1hhTdk+LlYJtOlYt9v6dvszD2BGRqBL+iQK9Q==
  dependencies:
    fs.realpath "^1.0.0"
    inflight "^1.0.4"
    inherits "2"
    minimatch "^3.1.1"
    once "^1.3.0"
    path-is-absolute "^1.0.0"

graceful-fs@^4.1.11, graceful-fs@^4.1.6, graceful-fs@^4.2.0:
  version "4.2.11"
  resolved "https://registry.npmjs.org/graceful-fs/-/graceful-fs-4.2.11.tgz"
  integrity sha512-RbJ5/jmFcNNCcDV5o9eTnBLJ/HszWV0P73bc+Ff4nS/rJj+YaS6IGyiOL0VoBYX+l1Wrl3k63h/KrH+nhJ0XvQ==

imurmurhash@^0.1.4:
  version "0.1.4"
  resolved "https://registry.npmjs.org/imurmurhash/-/imurmurhash-0.1.4.tgz"
  integrity sha512-JmXMZ6wuvDmLiHEml9ykzqO6lwFbof0GG4IkcGaENdCRDDmMVnny7s5HsIgHCbaq0w2MyPhDqkhTUgS2LU2PHA==

inflight@^1.0.4:
  version "1.0.6"
  resolved "https://registry.npmjs.org/inflight/-/inflight-1.0.6.tgz"
  integrity sha512-k92I/b08q4wvFscXCLvqfsHCrjrF7yiXsQuIVvVE7N82W3+aqpzuUdBbfhWcy/FZR3/4IgflMgKLOsvPDrGCJA==
  dependencies:
    once "^1.3.0"
    wrappy "1"

inherits@2:
  version "2.0.4"
  resolved "https://registry.npmjs.org/inherits/-/inherits-2.0.4.tgz"
  integrity sha512-k/vGaX4/Yla3WzyMCvTQOXYeIHvqOKtnqBduzTHpzpQZzAskKMhZ2K+EnBiSM9zGSoIFeMpXKxa4dYeZIQqewQ==

js-yaml@^4.1.0:
  version "4.1.0"
  resolved "https://registry.npmjs.org/js-yaml/-/js-yaml-4.1.0.tgz"
  integrity sha512-wpxZs9NoxZaJESJGIZTyDEaYpl0FKSA+FB9aJiyemKhMwkxQg63h4T1KJgUGHpTqPDNRcmmYLugrRjJlBtWvRA==
  dependencies:
    argparse "^2.0.1"

jsonfile@^6.0.1:
  version "6.1.0"
  resolved "https://registry.npmjs.org/jsonfile/-/jsonfile-6.1.0.tgz"
  integrity sha512-5dgndWOriYSm5cnYaJNhalLNDKOqFwyDB/rr1E9ZsGciGvKPs8R2xYGCacuf3z6K1YKDz182fd+fY3cn3pMqXQ==
  dependencies:
    universalify "^2.0.0"
  optionalDependencies:
    graceful-fs "^4.1.6"

keyboardevent-from-electron-accelerator@^2.0.0:
  version "2.0.0"
  resolved "https://registry.npmjs.org/keyboardevent-from-electron-accelerator/-/keyboardevent-from-electron-accelerator-2.0.0.tgz"
  integrity sha512-iQcmNA0M4ETMNi0kG/q0h/43wZk7rMeKYrXP7sqKIJbHkTU8Koowgzv+ieR/vWJbOwxx5nDC3UnudZ0aLSu4VA==

keyboardevents-areequal@^0.2.1:
  version "0.2.2"
  resolved "https://registry.npmjs.org/keyboardevents-areequal/-/keyboardevents-areequal-0.2.2.tgz"
  integrity sha512-Nv+Kr33T0mEjxR500q+I6IWisOQ0lK1GGOncV0kWE6n4KFmpcu7RUX5/2B0EUtX51Cb0HjZ9VJsSY3u4cBa0kw==

lazy-val@^1.0.5:
  version "1.0.5"
  resolved "https://registry.npmjs.org/lazy-val/-/lazy-val-1.0.5.tgz"
  integrity sha512-0/BnGCCfyUMkBpeDgWihanIAF9JmZhHBgUhEqzvf+adhNGLoP6TaiI5oF8oyb3I45P+PcnrqihSf01M0l0G5+Q==

lockfile@^1.0.4:
  version "1.0.4"
  resolved "https://registry.npmjs.org/lockfile/-/lockfile-1.0.4.tgz"
  integrity sha512-cvbTwETRfsFh4nHsL1eGWapU1XFi5Ot9E85sWAwia7Y7EgB7vfqcZhTKZ+l7hCGxSPoushMv5GKhT5PdLv03WA==
  dependencies:
    signal-exit "^3.0.2"

lodash.escaperegexp@^4.1.2:
  version "4.1.2"
  resolved "https://registry.npmjs.org/lodash.escaperegexp/-/lodash.escaperegexp-4.1.2.tgz"
  integrity sha512-TM9YBvyC84ZxE3rgfefxUWiQKLilstD6k7PTGt6wfbtXF8ixIJLOL3VYyV/z+ZiPLsVxAsKAFVwWlWeb2Y8Yyw==

lodash.isequal@^4.5.0:
  version "4.5.0"
  resolved "https://registry.npmjs.org/lodash.isequal/-/lodash.isequal-4.5.0.tgz"
  integrity sha512-pDo3lu8Jhfjqls6GkMgpahsF9kCyayhgykjyLMNFTKWrpVdAQtYyB4muAMWozBB4ig/dtWAmsMxLEI8wuz+DYQ==

lodash@^4.0.1, lodash@^4.17.14:
  version "4.17.21"
  resolved "https://registry.npmjs.org/lodash/-/lodash-4.17.21.tgz"
  integrity sha512-v2kDEe57lecTulaDIuNTPy3Ry4gLGJ6Z1O3vE1krgXZNrsQ+LFTGHVxVjcXPs17LhbZVGedAJv8XZ1tvj5FvSg==

minimatch@^3.1.1:
  version "3.1.2"
  resolved "https://registry.npmjs.org/minimatch/-/minimatch-3.1.2.tgz"
  integrity sha512-J7p63hRiAjw1NDEww1W7i37+ByIrOWO5XQQAzZ3VOcL0PNybwpfmV/N05zFAzwQ9USyEcX6t3UO+K5aqBQOIHw==
  dependencies:
    brace-expansion "^1.1.7"

minimist@^1.2.6:
  version "1.2.8"
  resolved "https://registry.npmjs.org/minimist/-/minimist-1.2.8.tgz"
  integrity sha512-2yyAR8qBkN3YuheJanUpWC5U3bb5osDywNB8RzDVlDwDHbocAJveqqj1u8+SVD7jkWT4yvsHCpWqqWqAxb0zCA==

mkdirp@^0.5.1:
  version "0.5.6"
  resolved "https://registry.npmjs.org/mkdirp/-/mkdirp-0.5.6.tgz"
  integrity sha512-FP+p8RB8OWpF3YZBCrP5gtADmtXApB5AMLn+vdyA+PyxCjrCs00mjyUozssO33cwDeT3wNGdLxJ5M//YqtHAJw==
  dependencies:
    minimist "^1.2.6"

ms@^2.1.3:
  version "2.1.3"
  resolved "https://registry.npmjs.org/ms/-/ms-2.1.3.tgz"
  integrity sha512-6FlzubTLZG3J2a/NVCAleEhjzq5oxgHyaCU9yYXvcLsvoVaHJq/s5xXI6/XXP6tz7R9xAOtHnSO/tXtF3WRTlA==

node-machine-id@1.1.12:
  version "1.1.12"
  resolved "https://registry.npmjs.org/node-machine-id/-/node-machine-id-1.1.12.tgz"
  integrity sha512-QNABxbrPa3qEIfrE6GOJ7BYIuignnJw7iQ2YPbc3Nla1HzRJjXzZOiikfF8m7eAMfichLt3M4VgLOetqgDmgGQ==

once@^1.3.0:
  version "1.4.0"
  resolved "https://registry.npmjs.org/once/-/once-1.4.0.tgz"
  integrity sha512-lNaJgI+2Q5URQBkccEKHTQOPaXdUxnZZElQTZY0MFUAuaEqe1E+Nyvgdz/aIyNi6Z9MzO5dv1H8n58/GELp3+w==
  dependencies:
    wrappy "1"

path-is-absolute@^1.0.0:
  version "1.0.1"
  resolved "https://registry.npmjs.org/path-is-absolute/-/path-is-absolute-1.0.1.tgz"
  integrity sha512-AVbw3UJ2e9bq64vSaS9Am0fje1Pa8pbGqTTsmXfaIiMpnr5DlDhfJOuLj9Sf95ZPVDAUerDfEk88MPmPe7UCQg==

rimraf@^2.5.1:
  version "2.7.1"
  resolved "https://registry.npmjs.org/rimraf/-/rimraf-2.7.1.tgz"
  integrity sha512-uWjbaKIK3T1OSVptzX7Nl6PvQ3qAGtKEtVRjRuazjfL3Bx5eI409VZSqgND+4UNnmzLVdPj9FqFJNPqBZFve4w==
  dependencies:
    glob "^7.1.3"

sax@^1.2.4:
  version "1.4.1"
  resolved "https://registry.npmjs.org/sax/-/sax-1.4.1.tgz"
  integrity sha512-+aWOz7yVScEGoKNd4PA10LZ8sk0A/z5+nXQG5giUO5rprX9jgYsTdov9qCchZiPIZezbZH+jRut8nPodFAX4Jg==

semver@^7.6.3:
  version "7.7.2"
  resolved "https://registry.npmjs.org/semver/-/semver-7.7.2.tgz"
  integrity sha512-RF0Fw+rO5AMf9MAyaRXI4AV0Ulj5lMHqVxxdSgiVbixSCXoEmmX/jk0CuJw4+3SqroYO9VoUh+HcuJivvtJemA==

signal-exit@^3.0.2:
  version "3.0.7"
  resolved "https://registry.npmjs.org/signal-exit/-/signal-exit-3.0.7.tgz"
  integrity sha512-wnD2ZE+l+SPC/uoS0vXeE9L1+0wuaMqKlfz9AMUo38JsyLSBWSFcHR1Rri62LZc12vLr1gb3jl7iwQhgwpAbGQ==

tiny-typed-emitter@^2.1.0:
  version "2.1.0"
  resolved "https://registry.npmjs.org/tiny-typed-emitter/-/tiny-typed-emitter-2.1.0.tgz"
  integrity sha512-qVtvMxeXbVej0cQWKqVSSAHmKZEHAvxdF8HEUBFWts8h+xEo5m/lEiPakuyZ3BnCBjOD8i24kzNOiOLLgsSxhA==

universalify@^2.0.0:
  version "2.0.1"
  resolved "https://registry.npmjs.org/universalify/-/universalify-2.0.1.tgz"
  integrity sha512-gptHNQghINnc/vTGIk0SOFGFNXw7JVrlRUtConJRlvaw6DuX0wO5Jeko9sWrMBhh+PsYAZ7oXAiOnf/UKogyiw==

wrappy@1:
  version "1.0.2"
  resolved "https://registry.npmjs.org/wrappy/-/wrappy-1.0.2.tgz"
  integrity sha512-l4Sp/DRseor9wL6EvV2+TuQn63dMkPjZ/sp9XkghTEbV9KlPS1xUsZ3u7/IQO4wxtcFB4bgpQPRcR3QCvezPcQ==

write-file-atomic@^2.4.2:
  version "2.4.3"
  resolved "https://registry.npmjs.org/write-file-atomic/-/write-file-atomic-2.4.3.tgz"
  integrity sha512-GaETH5wwsX+GcnzhPgKcKjJ6M2Cq3/iZp1WyY/X1CSqrW+jVNM9Y7D8EC2sM4ZG/V8wZlSniJnCKWPmBYAucRQ==
  dependencies:
    graceful-fs "^4.1.11"
    imurmurhash "^0.1.4"
    signal-exit "^3.0.2"
